
Microsoft Visual Studio Solution File, Format Version 12.00
# Visual Studio 15
VisualStudioVersion = 15.0.26730.12
MinimumVisualStudioVersion = 10.0.40219.1
Project("{FAE04EC0-301F-11D3-BF4B-00C04F79EFBC}") = "Biblioteka", "Biblioteka\Biblioteka.csproj", "{18B3AFDA-F5BF-447A-9EA5-37D83DD5180E}"
EndProject
Global
	GlobalSection(SolutionConfigurationPlatforms) = preSolution
		Debug|Any CPU = Debug|Any CPU
		Release|Any CPU = Release|Any CPU
	EndGlobalSection
	GlobalSection(ProjectConfigurationPlatforms) = postSolution
		{18B3AFDA-F5BF-447A-9EA5-37D83DD5180E}.Debug|Any CPU.ActiveCfg = Debug|Any CPU
		{18B3AFDA-F5BF-447A-9EA5-37D83DD5180E}.Debug|Any CPU.Build.0 = Debug|Any CPU
		{18B3AFDA-F5BF-447A-9EA5-37D83DD5180E}.Release|Any CPU.ActiveCfg = Release|Any CPU
		{18B3AFDA-F5BF-447A-9EA5-37D83DD5180E}.Release|Any CPU.Build.0 = Release|Any CPU
	EndGlobalSection
	GlobalSection(SolutionProperties) = preSolution
		HideSolutionNode = FALSE
	EndGlobalSection
	GlobalSection(ExtensibilityGlobals) = postSolution
		SolutionGuid = {4617E8EE-097B-43A8-8804-56FDDFAF03AF}
	EndGlobalSection
EndGlobal
